
Microsoft Visual Studio Solution File, Format Version 12.00
# Visual Studio Version 16
VisualStudioVersion = 16.0.31624.102
MinimumVisualStudioVersion = 10.0.40219.1
Project("{9A19103F-16F7-4668-BE54-9A1E7A4F7556}") = "FluxLiveWebApp", "FluxLiveWebApp.csproj", "{17686654-98AA-4433-A5AE-1A47FF6426C7}"
EndProject
Project("{9A19103F-16F7-4668-BE54-9A1E7A4F7556}") = "FluxLive.Core", "..\FluxLive.Core\FluxLive.Core.csproj", "{F97A3E1B-5E27-4E56-B1BA-648605DC0069}"
EndProject
Project("{9A19103F-16F7-4668-BE54-9A1E7A4F7556}") = "FluxLIve.data", "..\FluxLIve.data\FluxLIve.data.csproj", "{F874E87D-EC3D-4D20-B918-8E5730045AC2}"
EndProject
Global
	GlobalSection(SolutionConfigurationPlatforms) = preSolution
		Debug|Any CPU = Debug|Any CPU
		Release|Any CPU = Release|Any CPU
	EndGlobalSection
	GlobalSection(ProjectConfigurationPlatforms) = postSolution
		{17686654-98AA-4433-A5AE-1A47FF6426C7}.Debug|Any CPU.ActiveCfg = Debug|Any CPU
		{17686654-98AA-4433-A5AE-1A47FF6426C7}.Debug|Any CPU.Build.0 = Debug|Any CPU
		{17686654-98AA-4433-A5AE-1A47FF6426C7}.Release|Any CPU.ActiveCfg = Release|Any CPU
		{17686654-98AA-4433-A5AE-1A47FF6426C7}.Release|Any CPU.Build.0 = Release|Any CPU
		{F97A3E1B-5E27-4E56-B1BA-648605DC0069}.Debug|Any CPU.ActiveCfg = Debug|Any CPU
		{F97A3E1B-5E27-4E56-B1BA-648605DC0069}.Debug|Any CPU.Build.0 = Debug|Any CPU
		{F97A3E1B-5E27-4E56-B1BA-648605DC0069}.Release|Any CPU.ActiveCfg = Release|Any CPU
		{F97A3E1B-5E27-4E56-B1BA-648605DC0069}.Release|Any CPU.Build.0 = Release|Any CPU
		{F874E87D-EC3D-4D20-B918-8E5730045AC2}.Debug|Any CPU.ActiveCfg = Debug|Any CPU
		{F874E87D-EC3D-4D20-B918-8E5730045AC2}.Debug|Any CPU.Build.0 = Debug|Any CPU
		{F874E87D-EC3D-4D20-B918-8E5730045AC2}.Release|Any CPU.ActiveCfg = Release|Any CPU
		{F874E87D-EC3D-4D20-B918-8E5730045AC2}.Release|Any CPU.Build.0 = Release|Any CPU
	EndGlobalSection
	GlobalSection(SolutionProperties) = preSolution
		HideSolutionNode = FALSE
	EndGlobalSection
	GlobalSection(ExtensibilityGlobals) = postSolution
		SolutionGuid = {EA49A766-7BA3-4A67-B6C6-F59C56EF2C23}
	EndGlobalSection
EndGlobal
